
Microsoft Visual Studio Solution File, Format Version 12.00
# Visual Studio Version 16
VisualStudioVersion = 25.0.1700.3
MinimumVisualStudioVersion = 10.0.40219.1
Project("{FAE04EC0-301F-11D3-BF4B-00C04F79EFBC}") = "DesignPatterns", "DesignPatterns\DesignPatterns.csproj", "{445BEEE5-2BE2-4062-AF19-FFC89251AA54}"
EndProject
Project("{FAE04EC0-301F-11D3-BF4B-00C04F79EFBC}") = "Patterns", "Patterns\Patterns.csproj", "{09C1E4AA-73D4-405F-9478-E089525DCCF8}"
EndProject
Global
	GlobalSection(SolutionConfigurationPlatforms) = preSolution
		Debug|Any CPU = Debug|Any CPU
		Release|Any CPU = Release|Any CPU
	EndGlobalSection
	GlobalSection(ProjectConfigurationPlatforms) = postSolution
		{445BEEE5-2BE2-4062-AF19-FFC89251AA54}.Debug|Any CPU.ActiveCfg = Debug|Any CPU
		{445BEEE5-2BE2-4062-AF19-FFC89251AA54}.Debug|Any CPU.Build.0 = Debug|Any CPU
		{445BEEE5-2BE2-4062-AF19-FFC89251AA54}.Release|Any CPU.ActiveCfg = Release|Any CPU
		{445BEEE5-2BE2-4062-AF19-FFC89251AA54}.Release|Any CPU.Build.0 = Release|Any CPU
		{09C1E4AA-73D4-405F-9478-E089525DCCF8}.Debug|Any CPU.ActiveCfg = Debug|Any CPU
		{09C1E4AA-73D4-405F-9478-E089525DCCF8}.Debug|Any CPU.Build.0 = Debug|Any CPU
		{09C1E4AA-73D4-405F-9478-E089525DCCF8}.Release|Any CPU.ActiveCfg = Release|Any CPU
		{09C1E4AA-73D4-405F-9478-E089525DCCF8}.Release|Any CPU.Build.0 = Release|Any CPU
	EndGlobalSection
	GlobalSection(SolutionProperties) = preSolution
		HideSolutionNode = FALSE
	EndGlobalSection
	GlobalSection(ExtensibilityGlobals) = postSolution
		SolutionGuid = {D824A98C-0516-48B2-96CE-A924DB3552CB}
	EndGlobalSection
EndGlobal
